// !$*UTF8*$!
{
	archiveVersion = 1;
	classes = {
	};
	objectVersion = 46;
	objects = {

/* Begin PBXBuildFile section */
		542C9A3518842973003F9BA9 /* AVFoundation.framework in Frameworks */ = {isa = PBXBuildFile; fileRef = 542C9A3418842973003F9BA9 /* AVFoundation.framework */; };
		545D4CF81883F5B00031F9A8 /* NZToolbarDelegate.m in Sources */ = {isa = PBXBuildFile; fileRef = 545D4CF71883F5B00031F9A8 /* NZToolbarDelegate.m */; };
		54818711188329A0009B5F30 /* Cocoa.framework in Frameworks */ = {isa = PBXBuildFile; fileRef = 54818710188329A0009B5F30 /* Cocoa.framework */; };
		5481871B188329A0009B5F30 /* InfoPlist.strings in Resources */ = {isa = PBXBuildFile; fileRef = 54818719188329A0009B5F30 /* InfoPlist.strings */; };
		5481871D188329A0009B5F30 /* main.m in Sources */ = {isa = PBXBuildFile; fileRef = 5481871C188329A0009B5F30 /* main.m */; };
		54818721188329A0009B5F30 /* Credits.rtf in Resources */ = {isa = PBXBuildFile; fileRef = 5481871F188329A0009B5F30 /* Credits.rtf */; };
		54818724188329A0009B5F30 /* NZDocument.m in Sources */ = {isa = PBXBuildFile; fileRef = 54818723188329A0009B5F30 /* NZDocument.m */; };
		54818727188329A0009B5F30 /* NZDocument.xib in Resources */ = {isa = PBXBuildFile; fileRef = 54818725188329A0009B5F30 /* NZDocument.xib */; };
		5481872A188329A0009B5F30 /* MainMenu.xib in Resources */ = {isa = PBXBuildFile; fileRef = 54818728188329A0009B5F30 /* MainMenu.xib */; };
		5481872D188329A0009B5F30 /* NZDocument.xcdatamodeld in Sources */ = {isa = PBXBuildFile; fileRef = 5481872B188329A0009B5F30 /* NZDocument.xcdatamodeld */; };
		5481872F188329A0009B5F30 /* Images.xcassets in Resources */ = {isa = PBXBuildFile; fileRef = 5481872E188329A0009B5F30 /* Images.xcassets */; };
		54818736188329A1009B5F30 /* XCTest.framework in Frameworks */ = {isa = PBXBuildFile; fileRef = 54818735188329A1009B5F30 /* XCTest.framework */; };
		54818737188329A1009B5F30 /* Cocoa.framework in Frameworks */ = {isa = PBXBuildFile; fileRef = 54818710188329A0009B5F30 /* Cocoa.framework */; };
		5481873F188329A1009B5F30 /* InfoPlist.strings in Resources */ = {isa = PBXBuildFile; fileRef = 5481873D188329A1009B5F30 /* InfoPlist.strings */; };
		54818741188329A1009B5F30 /* NZPlayerTests.m in Sources */ = {isa = PBXBuildFile; fileRef = 54818740188329A1009B5F30 /* NZPlayerTests.m */; };
/* End PBXBuildFile section */

/* Begin PBXContainerItemProxy section */
		54818738188329A1009B5F30 /* PBXContainerItemProxy */ = {
			isa = PBXContainerItemProxy;
			containerPortal = 54818705188329A0009B5F30 /* Project object */;
			proxyType = 1;
			remoteGlobalIDString = 5481870C188329A0009B5F30;
			remoteInfo = "player-Z";
		};
/* End PBXContainerItemProxy section */

/* Begin PBXFileReference section */
		542C9A3418842973003F9BA9 /* AVFoundation.framework */ = {isa = PBXFileReference; lastKnownFileType = wrapper.framework; name = AVFoundation.framework; path = System/Library/Frameworks/AVFoundation.framework; sourceTree = SDKROOT; };
		545D4CF61883F5B00031F9A8 /* NZToolbarDelegate.h */ = {isa = PBXFileReference; fileEncoding = 4; lastKnownFileType = sourcecode.c.h; path = NZToolbarDelegate.h; sourceTree = "<group>"; };
		545D4CF71883F5B00031F9A8 /* NZToolbarDelegate.m */ = {isa = PBXFileReference; fileEncoding = 4; lastKnownFileType = sourcecode.c.objc; path = NZToolbarDelegate.m; sourceTree = "<group>"; };
		5481870D188329A0009B5F30 /* NZPlayer.app */ = {isa = PBXFileReference; explicitFileType = wrapper.application; includeInIndex = 0; path = NZPlayer.app; sourceTree = BUILT_PRODUCTS_DIR; };
		54818710188329A0009B5F30 /* Cocoa.framework */ = {isa = PBXFileReference; lastKnownFileType = wrapper.framework; name = Cocoa.framework; path = System/Library/Frameworks/Cocoa.framework; sourceTree = SDKROOT; };
		54818713188329A0009B5F30 /* AppKit.framework */ = {isa = PBXFileReference; lastKnownFileType = wrapper.framework; name = AppKit.framework; path = System/Library/Frameworks/AppKit.framework; sourceTree = SDKROOT; };
		54818714188329A0009B5F30 /* CoreData.framework */ = {isa = PBXFileReference; lastKnownFileType = wrapper.framework; name = CoreData.framework; path = System/Library/Frameworks/CoreData.framework; sourceTree = SDKROOT; };
		54818715188329A0009B5F30 /* Foundation.framework */ = {isa = PBXFileReference; lastKnownFileType = wrapper.framework; name = Foundation.framework; path = System/Library/Frameworks/Foundation.framework; sourceTree = SDKROOT; };
		54818718188329A0009B5F30 /* NZPlayer-Info.plist */ = {isa = PBXFileReference; lastKnownFileType = text.plist.xml; path = "NZPlayer-Info.plist"; sourceTree = "<group>"; };
		5481871A188329A0009B5F30 /* en */ = {isa = PBXFileReference; lastKnownFileType = text.plist.strings; name = en; path = en.lproj/InfoPlist.strings; sourceTree = "<group>"; };
		5481871C188329A0009B5F30 /* main.m */ = {isa = PBXFileReference; lastKnownFileType = sourcecode.c.objc; path = main.m; sourceTree = "<group>"; };
		5481871E188329A0009B5F30 /* NZPlayer-Prefix.pch */ = {isa = PBXFileReference; lastKnownFileType = sourcecode.c.h; path = "NZPlayer-Prefix.pch"; sourceTree = "<group>"; };
		54818720188329A0009B5F30 /* en */ = {isa = PBXFileReference; lastKnownFileType = text.rtf; name = en; path = en.lproj/Credits.rtf; sourceTree = "<group>"; };
		54818722188329A0009B5F30 /* NZDocument.h */ = {isa = PBXFileReference; lastKnownFileType = sourcecode.c.h; path = NZDocument.h; sourceTree = "<group>"; };
		54818723188329A0009B5F30 /* NZDocument.m */ = {isa = PBXFileReference; lastKnownFileType = sourcecode.c.objc; path = NZDocument.m; sourceTree = "<group>"; };
		54818726188329A0009B5F30 /* Base */ = {isa = PBXFileReference; lastKnownFileType = file.xib; name = Base; path = Base.lproj/NZDocument.xib; sourceTree = "<group>"; };
		54818729188329A0009B5F30 /* Base */ = {isa = PBXFileReference; lastKnownFileType = file.xib; name = Base; path = Base.lproj/MainMenu.xib; sourceTree = "<group>"; };
		5481872C188329A0009B5F30 /* NZDocument.xcdatamodel */ = {isa = PBXFileReference; lastKnownFileType = wrapper.xcdatamodel; path = NZDocument.xcdatamodel; sourceTree = "<group>"; };
		5481872E188329A0009B5F30 /* Images.xcassets */ = {isa = PBXFileReference; lastKnownFileType = folder.assetcatalog; path = Images.xcassets; sourceTree = "<group>"; };
		54818734188329A1009B5F30 /* NZPlayerTests.xctest */ = {isa = PBXFileReference; explicitFileType = wrapper.cfbundle; includeInIndex = 0; path = NZPlayerTests.xctest; sourceTree = BUILT_PRODUCTS_DIR; };
		54818735188329A1009B5F30 /* XCTest.framework */ = {isa = PBXFileReference; lastKnownFileType = wrapper.framework; name = XCTest.framework; path = Library/Frameworks/XCTest.framework; sourceTree = DEVELOPER_DIR; };
		5481873C188329A1009B5F30 /* NZPlayerTests-Info.plist */ = {isa = PBXFileReference; lastKnownFileType = text.plist.xml; path = "NZPlayerTests-Info.plist"; sourceTree = "<group>"; };
		5481873E188329A1009B5F30 /* en */ = {isa = PBXFileReference; lastKnownFileType = text.plist.strings; name = en; path = en.lproj/InfoPlist.strings; sourceTree = "<group>"; };
		54818740188329A1009B5F30 /* NZPlayerTests.m */ = {isa = PBXFileReference; lastKnownFileType = sourcecode.c.objc; path = NZPlayerTests.m; sourceTree = "<group>"; };
/* End PBXFileReference section */

/* Begin PBXFrameworksBuildPhase section */
		5481870A188329A0009B5F30 /* Frameworks */ = {
			isa = PBXFrameworksBuildPhase;
			buildActionMask = 2147483647;
			files = (
				542C9A3518842973003F9BA9 /* AVFoundation.framework in Frameworks */,
				54818711188329A0009B5F30 /* Cocoa.framework in Frameworks */,
			);
			runOnlyForDeploymentPostprocessing = 0;
		};
		54818731188329A1009B5F30 /* Frameworks */ = {
			isa = PBXFrameworksBuildPhase;
			buildActionMask = 2147483647;
			files = (
				54818737188329A1009B5F30 /* Cocoa.framework in Frameworks */,
				54818736188329A1009B5F30 /* XCTest.framework in Frameworks */,
			);
			runOnlyForDeploymentPostprocessing = 0;
		};
/* End PBXFrameworksBuildPhase section */

/* Begin PBXGroup section */
		54818704188329A0009B5F30 = {
			isa = PBXGroup;
			children = (
				54818716188329A0009B5F30 /* NZPlayer */,
				5481873A188329A1009B5F30 /* NZPlayerTests */,
				5481870F188329A0009B5F30 /* Frameworks */,
				5481870E188329A0009B5F30 /* Products */,
			);
			sourceTree = "<group>";
		};
		5481870E188329A0009B5F30 /* Products */ = {
			isa = PBXGroup;
			children = (
				5481870D188329A0009B5F30 /* NZPlayer.app */,
				54818734188329A1009B5F30 /* NZPlayerTests.xctest */,
			);
			name = Products;
			sourceTree = "<group>";
		};
		5481870F188329A0009B5F30 /* Frameworks */ = {
			isa = PBXGroup;
			children = (
				542C9A3418842973003F9BA9 /* AVFoundation.framework */,
				54818710188329A0009B5F30 /* Cocoa.framework */,
				54818735188329A1009B5F30 /* XCTest.framework */,
				54818712188329A0009B5F30 /* Other Frameworks */,
			);
			name = Frameworks;
			sourceTree = "<group>";
		};
		54818712188329A0009B5F30 /* Other Frameworks */ = {
			isa = PBXGroup;
			children = (
				54818713188329A0009B5F30 /* AppKit.framework */,
				54818714188329A0009B5F30 /* CoreData.framework */,
				54818715188329A0009B5F30 /* Foundation.framework */,
			);
			name = "Other Frameworks";
			sourceTree = "<group>";
		};
		54818716188329A0009B5F30 /* NZPlayer */ = {
			isa = PBXGroup;
			children = (
				54818722188329A0009B5F30 /* NZDocument.h */,
				54818723188329A0009B5F30 /* NZDocument.m */,
				54818725188329A0009B5F30 /* NZDocument.xib */,
				54818728188329A0009B5F30 /* MainMenu.xib */,
				5481872E188329A0009B5F30 /* Images.xcassets */,
				5481872B188329A0009B5F30 /* NZDocument.xcdatamodeld */,
				54818717188329A0009B5F30 /* Supporting Files */,
				545D4CF61883F5B00031F9A8 /* NZToolbarDelegate.h */,
				545D4CF71883F5B00031F9A8 /* NZToolbarDelegate.m */,
			);
			name = NZPlayer;
			path = "player-Z";
			sourceTree = "<group>";
		};
		54818717188329A0009B5F30 /* Supporting Files */ = {
			isa = PBXGroup;
			children = (
				54818718188329A0009B5F30 /* NZPlayer-Info.plist */,
				54818719188329A0009B5F30 /* InfoPlist.strings */,
				5481871C188329A0009B5F30 /* main.m */,
				5481871E188329A0009B5F30 /* NZPlayer-Prefix.pch */,
				5481871F188329A0009B5F30 /* Credits.rtf */,
			);
			name = "Supporting Files";
			sourceTree = "<group>";
		};
		5481873A188329A1009B5F30 /* NZPlayerTests */ = {
			isa = PBXGroup;
			children = (
				54818740188329A1009B5F30 /* NZPlayerTests.m */,
				5481873B188329A1009B5F30 /* Supporting Files */,
			);
			name = NZPlayerTests;
			path = "player-ZTests";
			sourceTree = "<group>";
		};
		5481873B188329A1009B5F30 /* Supporting Files */ = {
			isa = PBXGroup;
			children = (
				5481873C188329A1009B5F30 /* NZPlayerTests-Info.plist */,
				5481873D188329A1009B5F30 /* InfoPlist.strings */,
			);
			name = "Supporting Files";
			sourceTree = "<group>";
		};
/* End PBXGroup section */

/* Begin PBXNativeTarget section */
		5481870C188329A0009B5F30 /* NZPlayer */ = {
			isa = PBXNativeTarget;
			buildConfigurationList = 54818744188329A1009B5F30 /* Build configuration list for PBXNativeTarget "NZPlayer" */;
			buildPhases = (
				54818709188329A0009B5F30 /* Sources */,
				5481870A188329A0009B5F30 /* Frameworks */,
				5481870B188329A0009B5F30 /* Resources */,
			);
			buildRules = (
			);
			dependencies = (
			);
			name = NZPlayer;
			productName = "player-Z";
			productReference = 5481870D188329A0009B5F30 /* NZPlayer.app */;
			productType = "com.apple.product-type.application";
		};
		54818733188329A1009B5F30 /* NZPlayerTests */ = {
			isa = PBXNativeTarget;
			buildConfigurationList = 54818747188329A1009B5F30 /* Build configuration list for PBXNativeTarget "NZPlayerTests" */;
			buildPhases = (
				54818730188329A1009B5F30 /* Sources */,
				54818731188329A1009B5F30 /* Frameworks */,
				54818732188329A1009B5F30 /* Resources */,
			);
			buildRules = (
			);
			dependencies = (
				54818739188329A1009B5F30 /* PBXTargetDependency */,
			);
			name = NZPlayerTests;
			productName = "player-ZTests";
			productReference = 54818734188329A1009B5F30 /* NZPlayerTests.xctest */;
			productType = "com.apple.product-type.bundle.unit-test";
		};
/* End PBXNativeTarget section */

/* Begin PBXProject section */
		54818705188329A0009B5F30 /* Project object */ = {
			isa = PBXProject;
			attributes = {
				CLASSPREFIX = NZ;
				LastUpgradeCheck = 0500;
				ORGANIZATIONNAME = oxnz;
				TargetAttributes = {
					54818733188329A1009B5F30 = {
						TestTargetID = 5481870C188329A0009B5F30;
					};
				};
			};
			buildConfigurationList = 54818708188329A0009B5F30 /* Build configuration list for PBXProject "NZPlayer" */;
			compatibilityVersion = "Xcode 3.2";
			developmentRegion = English;
			hasScannedForEncodings = 0;
			knownRegions = (
				en,
				Base,
			);
			mainGroup = 54818704188329A0009B5F30;
			productRefGroup = 5481870E188329A0009B5F30 /* Products */;
			projectDirPath = "";
			projectRoot = "";
			targets = (
				5481870C188329A0009B5F30 /* NZPlayer */,
				54818733188329A1009B5F30 /* NZPlayerTests */,
			);
		};
/* End PBXProject section */

/* Begin PBXResourcesBuildPhase section */
		5481870B188329A0009B5F30 /* Resources */ = {
			isa = PBXResourcesBuildPhase;
			buildActionMask = 2147483647;
			files = (
				54818727188329A0009B5F30 /* NZDocument.xib in Resources */,
				5481872F188329A0009B5F30 /* Images.xcassets in Resources */,
				5481871B188329A0009B5F30 /* InfoPlist.strings in Resources */,
				54818721188329A0009B5F30 /* Credits.rtf in Resources */,
				5481872A188329A0009B5F30 /* MainMenu.xib in Resources */,
			);
			runOnlyForDeploymentPostprocessing = 0;
		};
		54818732188329A1009B5F30 /* Resources */ = {
			isa = PBXResourcesBuildPhase;
			buildActionMask = 2147483647;
			files = (
				5481873F188329A1009B5F30 /* InfoPlist.strings in Resources */,
			);
			runOnlyForDeploymentPostprocessing = 0;
		};
/* End PBXResourcesBuildPhase section */

/* Begin PBXSourcesBuildPhase section */
		54818709188329A0009B5F30 /* Sources */ = {
			isa = PBXSourcesBuildPhase;
			buildActionMask = 2147483647;
			files = (
				545D4CF81883F5B00031F9A8 /* NZToolbarDelegate.m in Sources */,
				54818724188329A0009B5F30 /* NZDocument.m in Sources */,
				5481872D188329A0009B5F30 /* NZDocument.xcdatamodeld in Sources */,
				5481871D188329A0009B5F30 /* main.m in Sources */,
			);
			runOnlyForDeploymentPostprocessing = 0;
		};
		54818730188329A1009B5F30 /* Sources */ = {
			isa = PBXSourcesBuildPhase;
			buildActionMask = 2147483647;
			files = (
				54818741188329A1009B5F30 /* NZPlayerTests.m in Sources */,
			);
			runOnlyForDeploymentPostprocessing = 0;
		};
/* End PBXSourcesBuildPhase section */

/* Begin PBXTargetDependency section */
		54818739188329A1009B5F30 /* PBXTargetDependency */ = {
			isa = PBXTargetDependency;
			target = 5481870C188329A0009B5F30 /* NZPlayer */;
			targetProxy = 54818738188329A1009B5F30 /* PBXContainerItemProxy */;
		};
/* End PBXTargetDependency section */

/* Begin PBXVariantGroup section */
		54818719188329A0009B5F30 /* InfoPlist.strings */ = {
			isa = PBXVariantGroup;
			children = (
				5481871A188329A0009B5F30 /* en */,
			);
			name = InfoPlist.strings;
			sourceTree = "<group>";
		};
		5481871F188329A0009B5F30 /* Credits.rtf */ = {
			isa = PBXVariantGroup;
			children = (
				54818720188329A0009B5F30 /* en */,
			);
			name = Credits.rtf;
			sourceTree = "<group>";
		};
		54818725188329A0009B5F30 /* NZDocument.xib */ = {
			isa = PBXVariantGroup;
			children = (
				54818726188329A0009B5F30 /* Base */,
			);
			name = NZDocument.xib;
			sourceTree = "<group>";
		};
		54818728188329A0009B5F30 /* MainMenu.xib */ = {
			isa = PBXVariantGroup;
			children = (
				54818729188329A0009B5F30 /* Base */,
			);
			name = MainMenu.xib;
			sourceTree = "<group>";
		};
		5481873D188329A1009B5F30 /* InfoPlist.strings */ = {
			isa = PBXVariantGroup;
			children = (
				5481873E188329A1009B5F30 /* en */,
			);
			name = InfoPlist.strings;
			sourceTree = "<group>";
		};
/* End PBXVariantGroup section */

/* Begin XCBuildConfiguration section */
		54818742188329A1009B5F30 /* Debug */ = {
			isa = XCBuildConfiguration;
			buildSettings = {
				ALWAYS_SEARCH_USER_PATHS = NO;
				CLANG_CXX_LANGUAGE_STANDARD = "gnu++0x";
				CLANG_CXX_LIBRARY = "libc++";
				CLANG_ENABLE_OBJC_ARC = YES;
				CLANG_WARN_BOOL_CONVERSION = YES;
				CLANG_WARN_CONSTANT_CONVERSION = YES;
				CLANG_WARN_DIRECT_OBJC_ISA_USAGE = YES_ERROR;
				CLANG_WARN_EMPTY_BODY = YES;
				CLANG_WARN_ENUM_CONVERSION = YES;
				CLANG_WARN_INT_CONVERSION = YES;
				CLANG_WARN_OBJC_ROOT_CLASS = YES_ERROR;
				CLANG_WARN__DUPLICATE_METHOD_MATCH = YES;
				COPY_PHASE_STRIP = NO;
				GCC_C_LANGUAGE_STANDARD = gnu99;
				GCC_DYNAMIC_NO_PIC = NO;
				GCC_ENABLE_OBJC_EXCEPTIONS = YES;
				GCC_OPTIMIZATION_LEVEL = 0;
				GCC_PREPROCESSOR_DEFINITIONS = (
					"DEBUG=1",
					"$(inherited)",
				);
				GCC_SYMBOLS_PRIVATE_EXTERN = NO;
				GCC_WARN_64_TO_32_BIT_CONVERSION = YES;
				GCC_WARN_ABOUT_RETURN_TYPE = YES_ERROR;
				GCC_WARN_UNDECLARED_SELECTOR = YES;
				GCC_WARN_UNINITIALIZED_AUTOS = YES;
				GCC_WARN_UNUSED_FUNCTION = YES;
				GCC_WARN_UNUSED_VARIABLE = YES;
				MACOSX_DEPLOYMENT_TARGET = 10.9;
				ONLY_ACTIVE_ARCH = YES;
				SDKROOT = macosx;
			};
			name = Debug;
		};
		54818743188329A1009B5F30 /* Release */ = {
			isa = XCBuildConfiguration;
			buildSettings = {
				ALWAYS_SEARCH_USER_PATHS = NO;
				CLANG_CXX_LANGUAGE_STANDARD = "gnu++0x";
				CLANG_CXX_LIBRARY = "libc++";
				CLANG_ENABLE_OBJC_ARC = YES;
				CLANG_WARN_BOOL_CONVERSION = YES;
				CLANG_WARN_CONSTANT_CONVERSION = YES;
				CLANG_WARN_DIRECT_OBJC_ISA_USAGE = YES_ERROR;
				CLANG_WARN_EMPTY_BODY = YES;
				CLANG_WARN_ENUM_CONVERSION = YES;
				CLANG_WARN_INT_CONVERSION = YES;
				CLANG_WARN_OBJC_ROOT_CLASS = YES_ERROR;
				CLANG_WARN__DUPLICATE_METHOD_MATCH = YES;
				COPY_PHASE_STRIP = YES;
				DEBUG_INFORMATION_FORMAT = "dwarf-with-dsym";
				ENABLE_NS_ASSERTIONS = NO;
				GCC_C_LANGUAGE_STANDARD = gnu99;
				GCC_ENABLE_OBJC_EXCEPTIONS = YES;
				GCC_WARN_64_TO_32_BIT_CONVERSION = YES;
				GCC_WARN_ABOUT_RETURN_TYPE = YES_ERROR;
				GCC_WARN_UNDECLARED_SELECTOR = YES;
				GCC_WARN_UNINITIALIZED_AUTOS = YES;
				GCC_WARN_UNUSED_FUNCTION = YES;
				GCC_WARN_UNUSED_VARIABLE = YES;
				MACOSX_DEPLOYMENT_TARGET = 10.9;
				SDKROOT = macosx;
			};
			name = Release;
		};
		54818745188329A1009B5F30 /* Debug */ = {
			isa = XCBuildConfiguration;
			buildSettings = {
				ASSETCATALOG_COMPILER_APPICON_NAME = AppIcon;
				COMBINE_HIDPI_IMAGES = YES;
				GCC_PRECOMPILE_PREFIX_HEADER = YES;
				GCC_PREFIX_HEADER = "player-Z/NZPlayer-Prefix.pch";
				INFOPLIST_FILE = "player-Z/NZPlayer-Info.plist";
				PRODUCT_NAME = NZPlayer;
				WRAPPER_EXTENSION = app;
			};
			name = Debug;
		};
		54818746188329A1009B5F30 /* Release */ = {
			isa = XCBuildConfiguration;
			buildSettings = {
				ASSETCATALOG_COMPILER_APPICON_NAME = AppIcon;
				COMBINE_HIDPI_IMAGES = YES;
				GCC_PRECOMPILE_PREFIX_HEADER = YES;
				GCC_PREFIX_HEADER = "player-Z/NZPlayer-Prefix.pch";
				INFOPLIST_FILE = "player-Z/NZPlayer-Info.plist";
				PRODUCT_NAME = NZPlayer;
				WRAPPER_EXTENSION = app;
			};
			name = Release;
		};
		54818748188329A1009B5F30 /* Debug */ = {
			isa = XCBuildConfiguration;
			buildSettings = {
				BUNDLE_LOADER = "$(BUILT_PRODUCTS_DIR)/player-Z.app/Contents/MacOS/player-Z";
				COMBINE_HIDPI_IMAGES = YES;
				FRAMEWORK_SEARCH_PATHS = (
					"$(DEVELOPER_FRAMEWORKS_DIR)",
					"$(inherited)",
				);
				GCC_PRECOMPILE_PREFIX_HEADER = YES;
				GCC_PREFIX_HEADER = "player-Z/player-Z-Prefix.pch";
				GCC_PREPROCESSOR_DEFINITIONS = (
					"DEBUG=1",
					"$(inherited)",
				);
				INFOPLIST_FILE = "player-ZTests/NZPlayerTests-Info.plist";
				PRODUCT_NAME = NZPlayerTests;
				TEST_HOST = "$(BUNDLE_LOADER)";
				WRAPPER_EXTENSION = xctest;
			};
			name = Debug;
		};
		54818749188329A1009B5F30 /* Release */ = {
			isa = XCBuildConfiguration;
			buildSettings = {
				BUNDLE_LOADER = "$(BUILT_PRODUCTS_DIR)/player-Z.app/Contents/MacOS/player-Z";
				COMBINE_HIDPI_IMAGES = YES;
				FRAMEWORK_SEARCH_PATHS = (
					"$(DEVELOPER_FRAMEWORKS_DIR)",
					"$(inherited)",
				);
				GCC_PRECOMPILE_PREFIX_HEADER = YES;
				GCC_PREFIX_HEADER = "player-Z/player-Z-Prefix.pch";
				INFOPLIST_FILE = "player-ZTests/NZPlayerTests-Info.plist";
				PRODUCT_NAME = NZPlayerTests;
				TEST_HOST = "$(BUNDLE_LOADER)";
				WRAPPER_EXTENSION = xctest;
			};
			name = Release;
		};
/* End XCBuildConfiguration section */

/* Begin XCConfigurationList section */
		54818708188329A0009B5F30 /* Build configuration list for PBXProject "NZPlayer" */ = {
			isa = XCConfigurationList;
			buildConfigurations = (
				54818742188329A1009B5F30 /* Debug */,
				54818743188329A1009B5F30 /* Release */,
			);
			defaultConfigurationIsVisible = 0;
			defaultConfigurationName = Release;
		};
		54818744188329A1009B5F30 /* Build configuration list for PBXNativeTarget "NZPlayer" */ = {
			isa = XCConfigurationList;
			buildConfigurations = (
				54818745188329A1009B5F30 /* Debug */,
				54818746188329A1009B5F30 /* Release */,
			);
			defaultConfigurationIsVisible = 0;
			defaultConfigurationName = Release;
		};
		54818747188329A1009B5F30 /* Build configuration list for PBXNativeTarget "NZPlayerTests" */ = {
			isa = XCConfigurationList;
			buildConfigurations = (
				54818748188329A1009B5F30 /* Debug */,
				54818749188329A1009B5F30 /* Release */,
			);
			defaultConfigurationIsVisible = 0;
			defaultConfigurationName = Release;
		};
/* End XCConfigurationList section */

/* Begin XCVersionGroup section */
		5481872B188329A0009B5F30 /* NZDocument.xcdatamodeld */ = {
			isa = XCVersionGroup;
			children = (
				5481872C188329A0009B5F30 /* NZDocument.xcdatamodel */,
			);
			currentVersion = 5481872C188329A0009B5F30 /* NZDocument.xcdatamodel */;
			path = NZDocument.xcdatamodeld;
			sourceTree = "<group>";
			versionGroupType = wrapper.xcdatamodel;
		};
/* End XCVersionGroup section */
	};
	rootObject = 54818705188329A0009B5F30 /* Project object */;
}
